// !$*UTF8*$!
{
	archiveVersion = 1;
	classes = {
	};
	objectVersion = 46;
	objects = {

/* Begin PBXBuildFile section */
		02BCC497163646CC00E9F620 /* UIKit.framework in Frameworks */ = {isa = PBXBuildFile; fileRef = 02BCC496163646CC00E9F620 /* UIKit.framework */; };
		02BCC499163646CC00E9F620 /* Foundation.framework in Frameworks */ = {isa = PBXBuildFile; fileRef = 02BCC498163646CC00E9F620 /* Foundation.framework */; };
		02BCC49B163646CC00E9F620 /* CoreGraphics.framework in Frameworks */ = {isa = PBXBuildFile; fileRef = 02BCC49A163646CC00E9F620 /* CoreGraphics.framework */; };
		02BCC4A1163646CC00E9F620 /* InfoPlist.strings in Resources */ = {isa = PBXBuildFile; fileRef = 02BCC49F163646CC00E9F620 /* InfoPlist.strings */; };
		02BCC4A3163646CC00E9F620 /* main.m in Sources */ = {isa = PBXBuildFile; fileRef = 02BCC4A2163646CC00E9F620 /* main.m */; };
		02BCC4A7163646CC00E9F620 /* AppDelegate.m in Sources */ = {isa = PBXBuildFile; fileRef = 02BCC4A6163646CC00E9F620 /* AppDelegate.m */; };
		02BCC4A9163646CC00E9F620 /* Default.png in Resources */ = {isa = PBXBuildFile; fileRef = 02BCC4A8163646CC00E9F620 /* Default.png */; };
		02BCC4AB163646CC00E9F620 /* Default@2x.png in Resources */ = {isa = PBXBuildFile; fileRef = 02BCC4AA163646CC00E9F620 /* Default@2x.png */; };
		02BCC4AD163646CC00E9F620 /* Default-568h@2x.png in Resources */ = {isa = PBXBuildFile; fileRef = 02BCC4AC163646CC00E9F620 /* Default-568h@2x.png */; };
		02BCC4B0163646CC00E9F620 /* ViewController.m in Sources */ = {isa = PBXBuildFile; fileRef = 02BCC4AF163646CC00E9F620 /* ViewController.m */; };
		02BCC4B3163646CD00E9F620 /* ViewController.xib in Resources */ = {isa = PBXBuildFile; fileRef = 02BCC4B1163646CD00E9F620 /* ViewController.xib */; };
		02BCC4BB163646CD00E9F620 /* SenTestingKit.framework in Frameworks */ = {isa = PBXBuildFile; fileRef = 02BCC4BA163646CD00E9F620 /* SenTestingKit.framework */; };
		02BCC4BC163646CD00E9F620 /* UIKit.framework in Frameworks */ = {isa = PBXBuildFile; fileRef = 02BCC496163646CC00E9F620 /* UIKit.framework */; };
		02BCC4BD163646CD00E9F620 /* Foundation.framework in Frameworks */ = {isa = PBXBuildFile; fileRef = 02BCC498163646CC00E9F620 /* Foundation.framework */; };
		02BCC4C5163646CD00E9F620 /* InfoPlist.strings in Resources */ = {isa = PBXBuildFile; fileRef = 02BCC4C3163646CD00E9F620 /* InfoPlist.strings */; };
		02BCC4C8163646CD00E9F620 /* GreyjoyTests.m in Sources */ = {isa = PBXBuildFile; fileRef = 02BCC4C7163646CD00E9F620 /* GreyjoyTests.m */; };
		02BCC4D41636479500E9F620 /* BaseHttpAPI.m in Sources */ = {isa = PBXBuildFile; fileRef = 02BCC4D31636479500E9F620 /* BaseHttpAPI.m */; };
		02BCC4D716364CA300E9F620 /* XMLReader.m in Sources */ = {isa = PBXBuildFile; fileRef = 02BCC4D616364CA300E9F620 /* XMLReader.m */; };
/* End PBXBuildFile section */

/* Begin PBXContainerItemProxy section */
		02BCC4BE163646CD00E9F620 /* PBXContainerItemProxy */ = {
			isa = PBXContainerItemProxy;
			containerPortal = 02BCC489163646CC00E9F620 /* Project object */;
			proxyType = 1;
			remoteGlobalIDString = 02BCC491163646CC00E9F620;
			remoteInfo = Greyjoy;
		};
/* End PBXContainerItemProxy section */

/* Begin PBXFileReference section */
		02BCC492163646CC00E9F620 /* Greyjoy.app */ = {isa = PBXFileReference; explicitFileType = wrapper.application; includeInIndex = 0; path = Greyjoy.app; sourceTree = BUILT_PRODUCTS_DIR; };
		02BCC496163646CC00E9F620 /* UIKit.framework */ = {isa = PBXFileReference; lastKnownFileType = wrapper.framework; name = UIKit.framework; path = System/Library/Frameworks/UIKit.framework; sourceTree = SDKROOT; };
		02BCC498163646CC00E9F620 /* Foundation.framework */ = {isa = PBXFileReference; lastKnownFileType = wrapper.framework; name = Foundation.framework; path = System/Library/Frameworks/Foundation.framework; sourceTree = SDKROOT; };
		02BCC49A163646CC00E9F620 /* CoreGraphics.framework */ = {isa = PBXFileReference; lastKnownFileType = wrapper.framework; name = CoreGraphics.framework; path = System/Library/Frameworks/CoreGraphics.framework; sourceTree = SDKROOT; };
		02BCC49E163646CC00E9F620 /* Greyjoy-Info.plist */ = {isa = PBXFileReference; lastKnownFileType = text.plist.xml; path = "Greyjoy-Info.plist"; sourceTree = "<group>"; };
		02BCC4A0163646CC00E9F620 /* en */ = {isa = PBXFileReference; lastKnownFileType = text.plist.strings; name = en; path = en.lproj/InfoPlist.strings; sourceTree = "<group>"; };
		02BCC4A2163646CC00E9F620 /* main.m */ = {isa = PBXFileReference; lastKnownFileType = sourcecode.c.objc; path = main.m; sourceTree = "<group>"; };
		02BCC4A4163646CC00E9F620 /* Greyjoy-Prefix.pch */ = {isa = PBXFileReference; lastKnownFileType = sourcecode.c.h; path = "Greyjoy-Prefix.pch"; sourceTree = "<group>"; };
		02BCC4A5163646CC00E9F620 /* AppDelegate.h */ = {isa = PBXFileReference; lastKnownFileType = sourcecode.c.h; path = AppDelegate.h; sourceTree = "<group>"; };
		02BCC4A6163646CC00E9F620 /* AppDelegate.m */ = {isa = PBXFileReference; lastKnownFileType = sourcecode.c.objc; path = AppDelegate.m; sourceTree = "<group>"; };
		02BCC4A8163646CC00E9F620 /* Default.png */ = {isa = PBXFileReference; lastKnownFileType = image.png; path = Default.png; sourceTree = "<group>"; };
		02BCC4AA163646CC00E9F620 /* Default@2x.png */ = {isa = PBXFileReference; lastKnownFileType = image.png; path = "Default@2x.png"; sourceTree = "<group>"; };
		02BCC4AC163646CC00E9F620 /* Default-568h@2x.png */ = {isa = PBXFileReference; lastKnownFileType = image.png; path = "Default-568h@2x.png"; sourceTree = "<group>"; };
		02BCC4AE163646CC00E9F620 /* ViewController.h */ = {isa = PBXFileReference; lastKnownFileType = sourcecode.c.h; path = ViewController.h; sourceTree = "<group>"; };
		02BCC4AF163646CC00E9F620 /* ViewController.m */ = {isa = PBXFileReference; lastKnownFileType = sourcecode.c.objc; path = ViewController.m; sourceTree = "<group>"; };
		02BCC4B2163646CD00E9F620 /* en */ = {isa = PBXFileReference; lastKnownFileType = file.xib; name = en; path = en.lproj/ViewController.xib; sourceTree = "<group>"; };
		02BCC4B9163646CD00E9F620 /* GreyjoyTests.octest */ = {isa = PBXFileReference; explicitFileType = wrapper.cfbundle; includeInIndex = 0; path = GreyjoyTests.octest; sourceTree = BUILT_PRODUCTS_DIR; };
		02BCC4BA163646CD00E9F620 /* SenTestingKit.framework */ = {isa = PBXFileReference; lastKnownFileType = wrapper.framework; name = SenTestingKit.framework; path = Library/Frameworks/SenTestingKit.framework; sourceTree = DEVELOPER_DIR; };
		02BCC4C2163646CD00E9F620 /* GreyjoyTests-Info.plist */ = {isa = PBXFileReference; lastKnownFileType = text.plist.xml; path = "GreyjoyTests-Info.plist"; sourceTree = "<group>"; };
		02BCC4C4163646CD00E9F620 /* en */ = {isa = PBXFileReference; lastKnownFileType = text.plist.strings; name = en; path = en.lproj/InfoPlist.strings; sourceTree = "<group>"; };
		02BCC4C6163646CD00E9F620 /* GreyjoyTests.h */ = {isa = PBXFileReference; lastKnownFileType = sourcecode.c.h; path = GreyjoyTests.h; sourceTree = "<group>"; };
		02BCC4C7163646CD00E9F620 /* GreyjoyTests.m */ = {isa = PBXFileReference; lastKnownFileType = sourcecode.c.objc; path = GreyjoyTests.m; sourceTree = "<group>"; };
		02BCC4D21636479500E9F620 /* BaseHttpAPI.h */ = {isa = PBXFileReference; fileEncoding = 4; lastKnownFileType = sourcecode.c.h; path = BaseHttpAPI.h; sourceTree = "<group>"; };
		02BCC4D31636479500E9F620 /* BaseHttpAPI.m */ = {isa = PBXFileReference; fileEncoding = 4; lastKnownFileType = sourcecode.c.objc; path = BaseHttpAPI.m; sourceTree = "<group>"; };
		02BCC4D516364CA300E9F620 /* XMLReader.h */ = {isa = PBXFileReference; fileEncoding = 4; lastKnownFileType = sourcecode.c.h; path = XMLReader.h; sourceTree = "<group>"; };
		02BCC4D616364CA300E9F620 /* XMLReader.m */ = {isa = PBXFileReference; fileEncoding = 4; lastKnownFileType = sourcecode.c.objc; path = XMLReader.m; sourceTree = "<group>"; };
/* End PBXFileReference section */

/* Begin PBXFrameworksBuildPhase section */
		02BCC48F163646CC00E9F620 /* Frameworks */ = {
			isa = PBXFrameworksBuildPhase;
			buildActionMask = 2147483647;
			files = (
				02BCC497163646CC00E9F620 /* UIKit.framework in Frameworks */,
				02BCC499163646CC00E9F620 /* Foundation.framework in Frameworks */,
				02BCC49B163646CC00E9F620 /* CoreGraphics.framework in Frameworks */,
			);
			runOnlyForDeploymentPostprocessing = 0;
		};
		02BCC4B5163646CD00E9F620 /* Frameworks */ = {
			isa = PBXFrameworksBuildPhase;
			buildActionMask = 2147483647;
			files = (
				02BCC4BB163646CD00E9F620 /* SenTestingKit.framework in Frameworks */,
				02BCC4BC163646CD00E9F620 /* UIKit.framework in Frameworks */,
				02BCC4BD163646CD00E9F620 /* Foundation.framework in Frameworks */,
			);
			runOnlyForDeploymentPostprocessing = 0;
		};
/* End PBXFrameworksBuildPhase section */

/* Begin PBXGroup section */
		02BCC487163646CC00E9F620 = {
			isa = PBXGroup;
			children = (
				02BCC49C163646CC00E9F620 /* Greyjoy */,
				02BCC4C0163646CD00E9F620 /* GreyjoyTests */,
				02BCC495163646CC00E9F620 /* Frameworks */,
				02BCC493163646CC00E9F620 /* Products */,
			);
			sourceTree = "<group>";
		};
		02BCC493163646CC00E9F620 /* Products */ = {
			isa = PBXGroup;
			children = (
				02BCC492163646CC00E9F620 /* Greyjoy.app */,
				02BCC4B9163646CD00E9F620 /* GreyjoyTests.octest */,
			);
			name = Products;
			sourceTree = "<group>";
		};
		02BCC495163646CC00E9F620 /* Frameworks */ = {
			isa = PBXGroup;
			children = (
				02BCC496163646CC00E9F620 /* UIKit.framework */,
				02BCC498163646CC00E9F620 /* Foundation.framework */,
				02BCC49A163646CC00E9F620 /* CoreGraphics.framework */,
				02BCC4BA163646CD00E9F620 /* SenTestingKit.framework */,
			);
			name = Frameworks;
			sourceTree = "<group>";
		};
		02BCC49C163646CC00E9F620 /* Greyjoy */ = {
			isa = PBXGroup;
			children = (
				02BCC4D11636476200E9F620 /* API */,
				02BCC4A5163646CC00E9F620 /* AppDelegate.h */,
				02BCC4A6163646CC00E9F620 /* AppDelegate.m */,
				02BCC4AE163646CC00E9F620 /* ViewController.h */,
				02BCC4AF163646CC00E9F620 /* ViewController.m */,
				02BCC4B1163646CD00E9F620 /* ViewController.xib */,
				02BCC49D163646CC00E9F620 /* Supporting Files */,
			);
			path = Greyjoy;
			sourceTree = "<group>";
		};
		02BCC49D163646CC00E9F620 /* Supporting Files */ = {
			isa = PBXGroup;
			children = (
				02BCC49E163646CC00E9F620 /* Greyjoy-Info.plist */,
				02BCC49F163646CC00E9F620 /* InfoPlist.strings */,
				02BCC4A2163646CC00E9F620 /* main.m */,
				02BCC4A4163646CC00E9F620 /* Greyjoy-Prefix.pch */,
				02BCC4A8163646CC00E9F620 /* Default.png */,
				02BCC4AA163646CC00E9F620 /* Default@2x.png */,
				02BCC4AC163646CC00E9F620 /* Default-568h@2x.png */,
			);
			name = "Supporting Files";
			sourceTree = "<group>";
		};
		02BCC4C0163646CD00E9F620 /* GreyjoyTests */ = {
			isa = PBXGroup;
			children = (
				02BCC4C6163646CD00E9F620 /* GreyjoyTests.h */,
				02BCC4C7163646CD00E9F620 /* GreyjoyTests.m */,
				02BCC4C1163646CD00E9F620 /* Supporting Files */,
			);
			path = GreyjoyTests;
			sourceTree = "<group>";
		};
		02BCC4C1163646CD00E9F620 /* Supporting Files */ = {
			isa = PBXGroup;
			children = (
				02BCC4C2163646CD00E9F620 /* GreyjoyTests-Info.plist */,
				02BCC4C3163646CD00E9F620 /* InfoPlist.strings */,
			);
			name = "Supporting Files";
			sourceTree = "<group>";
		};
		02BCC4D11636476200E9F620 /* API */ = {
			isa = PBXGroup;
			children = (
				02BCC4D21636479500E9F620 /* BaseHttpAPI.h */,
				02BCC4D31636479500E9F620 /* BaseHttpAPI.m */,
				02BCC4D516364CA300E9F620 /* XMLReader.h */,
				02BCC4D616364CA300E9F620 /* XMLReader.m */,
			);
			name = API;
			sourceTree = "<group>";
		};
/* End PBXGroup section */

/* Begin PBXNativeTarget section */
		02BCC491163646CC00E9F620 /* Greyjoy */ = {
			isa = PBXNativeTarget;
			buildConfigurationList = 02BCC4CB163646CD00E9F620 /* Build configuration list for PBXNativeTarget "Greyjoy" */;
			buildPhases = (
				02BCC48E163646CC00E9F620 /* Sources */,
				02BCC48F163646CC00E9F620 /* Frameworks */,
				02BCC490163646CC00E9F620 /* Resources */,
			);
			buildRules = (
			);
			dependencies = (
			);
			name = Greyjoy;
			productName = Greyjoy;
			productReference = 02BCC492163646CC00E9F620 /* Greyjoy.app */;
			productType = "com.apple.product-type.application";
		};
		02BCC4B8163646CD00E9F620 /* GreyjoyTests */ = {
			isa = PBXNativeTarget;
			buildConfigurationList = 02BCC4CE163646CD00E9F620 /* Build configuration list for PBXNativeTarget "GreyjoyTests" */;
			buildPhases = (
				02BCC4B4163646CD00E9F620 /* Sources */,
				02BCC4B5163646CD00E9F620 /* Frameworks */,
				02BCC4B6163646CD00E9F620 /* Resources */,
				02BCC4B7163646CD00E9F620 /* ShellScript */,
			);
			buildRules = (
			);
			dependencies = (
				02BCC4BF163646CD00E9F620 /* PBXTargetDependency */,
			);
			name = GreyjoyTests;
			productName = GreyjoyTests;
			productReference = 02BCC4B9163646CD00E9F620 /* GreyjoyTests.octest */;
			productType = "com.apple.product-type.bundle";
		};
/* End PBXNativeTarget section */

/* Begin PBXProject section */
		02BCC489163646CC00E9F620 /* Project object */ = {
			isa = PBXProject;
			attributes = {
				LastUpgradeCheck = 0450;
				ORGANIZATIONNAME = donsdai;
			};
			buildConfigurationList = 02BCC48C163646CC00E9F620 /* Build configuration list for PBXProject "Greyjoy" */;
			compatibilityVersion = "Xcode 3.2";
			developmentRegion = English;
			hasScannedForEncodings = 0;
			knownRegions = (
				en,
			);
			mainGroup = 02BCC487163646CC00E9F620;
			productRefGroup = 02BCC493163646CC00E9F620 /* Products */;
			projectDirPath = "";
			projectRoot = "";
			targets = (
				02BCC491163646CC00E9F620 /* Greyjoy */,
				02BCC4B8163646CD00E9F620 /* GreyjoyTests */,
			);
		};
/* End PBXProject section */

/* Begin PBXResourcesBuildPhase section */
		02BCC490163646CC00E9F620 /* Resources */ = {
			isa = PBXResourcesBuildPhase;
			buildActionMask = 2147483647;
			files = (
				02BCC4A1163646CC00E9F620 /* InfoPlist.strings in Resources */,
				02BCC4A9163646CC00E9F620 /* Default.png in Resources */,
				02BCC4AB163646CC00E9F620 /* Default@2x.png in Resources */,
				02BCC4AD163646CC00E9F620 /* Default-568h@2x.png in Resources */,
				02BCC4B3163646CD00E9F620 /* ViewController.xib in Resources */,
			);
			runOnlyForDeploymentPostprocessing = 0;
		};
		02BCC4B6163646CD00E9F620 /* Resources */ = {
			isa = PBXResourcesBuildPhase;
			buildActionMask = 2147483647;
			files = (
				02BCC4C5163646CD00E9F620 /* InfoPlist.strings in Resources */,
			);
			runOnlyForDeploymentPostprocessing = 0;
		};
/* End PBXResourcesBuildPhase section */

/* Begin PBXShellScriptBuildPhase section */
		02BCC4B7163646CD00E9F620 /* ShellScript */ = {
			isa = PBXShellScriptBuildPhase;
			buildActionMask = 2147483647;
			files = (
			);
			inputPaths = (
			);
			outputPaths = (
			);
			runOnlyForDeploymentPostprocessing = 0;
			shellPath = /bin/sh;
			shellScript = "# Run the unit tests in this test bundle.\n\"${SYSTEM_DEVELOPER_DIR}/Tools/RunUnitTests\"\n";
		};
/* End PBXShellScriptBuildPhase section */

/* Begin PBXSourcesBuildPhase section */
		02BCC48E163646CC00E9F620 /* Sources */ = {
			isa = PBXSourcesBuildPhase;
			buildActionMask = 2147483647;
			files = (
				02BCC4A3163646CC00E9F620 /* main.m in Sources */,
				02BCC4A7163646CC00E9F620 /* AppDelegate.m in Sources */,
				02BCC4B0163646CC00E9F620 /* ViewController.m in Sources */,
				02BCC4D41636479500E9F620 /* BaseHttpAPI.m in Sources */,
				02BCC4D716364CA300E9F620 /* XMLReader.m in Sources */,
			);
			runOnlyForDeploymentPostprocessing = 0;
		};
		02BCC4B4163646CD00E9F620 /* Sources */ = {
			isa = PBXSourcesBuildPhase;
			buildActionMask = 2147483647;
			files = (
				02BCC4C8163646CD00E9F620 /* GreyjoyTests.m in Sources */,
			);
			runOnlyForDeploymentPostprocessing = 0;
		};
/* End PBXSourcesBuildPhase section */

/* Begin PBXTargetDependency section */
		02BCC4BF163646CD00E9F620 /* PBXTargetDependency */ = {
			isa = PBXTargetDependency;
			target = 02BCC491163646CC00E9F620 /* Greyjoy */;
			targetProxy = 02BCC4BE163646CD00E9F620 /* PBXContainerItemProxy */;
		};
/* End PBXTargetDependency section */

/* Begin PBXVariantGroup section */
		02BCC49F163646CC00E9F620 /* InfoPlist.strings */ = {
			isa = PBXVariantGroup;
			children = (
				02BCC4A0163646CC00E9F620 /* en */,
			);
			name = InfoPlist.strings;
			sourceTree = "<group>";
		};
		02BCC4B1163646CD00E9F620 /* ViewController.xib */ = {
			isa = PBXVariantGroup;
			children = (
				02BCC4B2163646CD00E9F620 /* en */,
			);
			name = ViewController.xib;
			sourceTree = "<group>";
		};
		02BCC4C3163646CD00E9F620 /* InfoPlist.strings */ = {
			isa = PBXVariantGroup;
			children = (
				02BCC4C4163646CD00E9F620 /* en */,
			);
			name = InfoPlist.strings;
			sourceTree = "<group>";
		};
/* End PBXVariantGroup section */

/* Begin XCBuildConfiguration section */
		02BCC4C9163646CD00E9F620 /* Debug */ = {
			isa = XCBuildConfiguration;
			buildSettings = {
				ALWAYS_SEARCH_USER_PATHS = NO;
				CLANG_CXX_LANGUAGE_STANDARD = "gnu++0x";
				CLANG_CXX_LIBRARY = "libc++";
				CLANG_ENABLE_OBJC_ARC = YES;
				CLANG_WARN_EMPTY_BODY = YES;
				CLANG_WARN__DUPLICATE_METHOD_MATCH = YES;
				"CODE_SIGN_IDENTITY[sdk=iphoneos*]" = "iPhone Developer";
				COPY_PHASE_STRIP = NO;
				GCC_C_LANGUAGE_STANDARD = gnu99;
				GCC_DYNAMIC_NO_PIC = NO;
				GCC_OPTIMIZATION_LEVEL = 0;
				GCC_PREPROCESSOR_DEFINITIONS = (
					"DEBUG=1",
					"$(inherited)",
				);
				GCC_SYMBOLS_PRIVATE_EXTERN = NO;
				GCC_WARN_ABOUT_RETURN_TYPE = YES;
				GCC_WARN_UNINITIALIZED_AUTOS = YES;
				GCC_WARN_UNUSED_VARIABLE = YES;
				IPHONEOS_DEPLOYMENT_TARGET = 6.0;
				ONLY_ACTIVE_ARCH = YES;
				SDKROOT = iphoneos;
			};
			name = Debug;
		};
		02BCC4CA163646CD00E9F620 /* Release */ = {
			isa = XCBuildConfiguration;
			buildSettings = {
				ALWAYS_SEARCH_USER_PATHS = NO;
				CLANG_CXX_LANGUAGE_STANDARD = "gnu++0x";
				CLANG_CXX_LIBRARY = "libc++";
				CLANG_ENABLE_OBJC_ARC = YES;
				CLANG_WARN_EMPTY_BODY = YES;
				CLANG_WARN__DUPLICATE_METHOD_MATCH = YES;
				"CODE_SIGN_IDENTITY[sdk=iphoneos*]" = "iPhone Developer";
				COPY_PHASE_STRIP = YES;
				GCC_C_LANGUAGE_STANDARD = gnu99;
				GCC_WARN_ABOUT_RETURN_TYPE = YES;
				GCC_WARN_UNINITIALIZED_AUTOS = YES;
				GCC_WARN_UNUSED_VARIABLE = YES;
				IPHONEOS_DEPLOYMENT_TARGET = 6.0;
				OTHER_CFLAGS = "-DNS_BLOCK_ASSERTIONS=1";
				SDKROOT = iphoneos;
				VALIDATE_PRODUCT = YES;
			};
			name = Release;
		};
		02BCC4CC163646CD00E9F620 /* Debug */ = {
			isa = XCBuildConfiguration;
			buildSettings = {
				GCC_PRECOMPILE_PREFIX_HEADER = YES;
				GCC_PREFIX_HEADER = "Greyjoy/Greyjoy-Prefix.pch";
				INFOPLIST_FILE = "Greyjoy/Greyjoy-Info.plist";
				PRODUCT_NAME = "$(TARGET_NAME)";
				WRAPPER_EXTENSION = app;
			};
			name = Debug;
		};
		02BCC4CD163646CD00E9F620 /* Release */ = {
			isa = XCBuildConfiguration;
			buildSettings = {
				GCC_PRECOMPILE_PREFIX_HEADER = YES;
				GCC_PREFIX_HEADER = "Greyjoy/Greyjoy-Prefix.pch";
				INFOPLIST_FILE = "Greyjoy/Greyjoy-Info.plist";
				PRODUCT_NAME = "$(TARGET_NAME)";
				WRAPPER_EXTENSION = app;
			};
			name = Release;
		};
		02BCC4CF163646CD00E9F620 /* Debug */ = {
			isa = XCBuildConfiguration;
			buildSettings = {
				BUNDLE_LOADER = "$(BUILT_PRODUCTS_DIR)/Greyjoy.app/Greyjoy";
				FRAMEWORK_SEARCH_PATHS = (
					"\"$(SDKROOT)/Developer/Library/Frameworks\"",
					"\"$(DEVELOPER_LIBRARY_DIR)/Frameworks\"",
				);
				GCC_PRECOMPILE_PREFIX_HEADER = YES;
				GCC_PREFIX_HEADER = "Greyjoy/Greyjoy-Prefix.pch";
				INFOPLIST_FILE = "GreyjoyTests/GreyjoyTests-Info.plist";
				PRODUCT_NAME = "$(TARGET_NAME)";
				TEST_HOST = "$(BUNDLE_LOADER)";
				WRAPPER_EXTENSION = octest;
			};
			name = Debug;
		};
		02BCC4D0163646CD00E9F620 /* Release */ = {
			isa = XCBuildConfiguration;
			buildSettings = {
				BUNDLE_LOADER = "$(BUILT_PRODUCTS_DIR)/Greyjoy.app/Greyjoy";
				FRAMEWORK_SEARCH_PATHS = (
					"\"$(SDKROOT)/Developer/Library/Frameworks\"",
					"\"$(DEVELOPER_LIBRARY_DIR)/Frameworks\"",
				);
				GCC_PRECOMPILE_PREFIX_HEADER = YES;
				GCC_PREFIX_HEADER = "Greyjoy/Greyjoy-Prefix.pch";
				INFOPLIST_FILE = "GreyjoyTests/GreyjoyTests-Info.plist";
				PRODUCT_NAME = "$(TARGET_NAME)";
				TEST_HOST = "$(BUNDLE_LOADER)";
				WRAPPER_EXTENSION = octest;
			};
			name = Release;
		};
/* End XCBuildConfiguration section */

/* Begin XCConfigurationList section */
		02BCC48C163646CC00E9F620 /* Build configuration list for PBXProject "Greyjoy" */ = {
			isa = XCConfigurationList;
			buildConfigurations = (
				02BCC4C9163646CD00E9F620 /* Debug */,
				02BCC4CA163646CD00E9F620 /* Release */,
			);
			defaultConfigurationIsVisible = 0;
			defaultConfigurationName = Release;
		};
		02BCC4CB163646CD00E9F620 /* Build configuration list for PBXNativeTarget "Greyjoy" */ = {
			isa = XCConfigurationList;
			buildConfigurations = (
				02BCC4CC163646CD00E9F620 /* Debug */,
				02BCC4CD163646CD00E9F620 /* Release */,
			);
			defaultConfigurationIsVisible = 0;
		};
		02BCC4CE163646CD00E9F620 /* Build configuration list for PBXNativeTarget "GreyjoyTests" */ = {
			isa = XCConfigurationList;
			buildConfigurations = (
				02BCC4CF163646CD00E9F620 /* Debug */,
				02BCC4D0163646CD00E9F620 /* Release */,
			);
			defaultConfigurationIsVisible = 0;
		};
/* End XCConfigurationList section */
	};
	rootObject = 02BCC489163646CC00E9F620 /* Project object */;
}
